
Microsoft Visual Studio Solution File, Format Version 12.00
# Visual Studio 2012
Project("{FAE04EC0-301F-11D3-BF4B-00C04F79EFBC}") = "secondChallenge", "secondChallenge\secondChallenge.csproj", "{DCBAE262-9E4B-4AC1-848F-E4755C144972}"
EndProject
Global
	GlobalSection(SolutionConfigurationPlatforms) = preSolution
		Debug|Any CPU = Debug|Any CPU
		Release|Any CPU = Release|Any CPU
	EndGlobalSection
	GlobalSection(ProjectConfigurationPlatforms) = postSolution
		{DCBAE262-9E4B-4AC1-848F-E4755C144972}.Debug|Any CPU.ActiveCfg = Debug|Any CPU
		{DCBAE262-9E4B-4AC1-848F-E4755C144972}.Debug|Any CPU.Build.0 = Debug|Any CPU
		{DCBAE262-9E4B-4AC1-848F-E4755C144972}.Release|Any CPU.ActiveCfg = Release|Any CPU
		{DCBAE262-9E4B-4AC1-848F-E4755C144972}.Release|Any CPU.Build.0 = Release|Any CPU
	EndGlobalSection
EndGlobal
