
Microsoft Visual Studio Solution File, Format Version 12.00
# Visual Studio 2012
Project("{FAE04EC0-301F-11D3-BF4B-00C04F79EFBC}") = "easy", "easy\easy.csproj", "{EA7FBED4-370B-4D83-ADEC-7E5E3E536FF3}"
EndProject
Global
	GlobalSection(SolutionConfigurationPlatforms) = preSolution
		Debug|Any CPU = Debug|Any CPU
		Release|Any CPU = Release|Any CPU
	EndGlobalSection
	GlobalSection(ProjectConfigurationPlatforms) = postSolution
		{EA7FBED4-370B-4D83-ADEC-7E5E3E536FF3}.Debug|Any CPU.ActiveCfg = Debug|Any CPU
		{EA7FBED4-370B-4D83-ADEC-7E5E3E536FF3}.Debug|Any CPU.Build.0 = Debug|Any CPU
		{EA7FBED4-370B-4D83-ADEC-7E5E3E536FF3}.Release|Any CPU.ActiveCfg = Release|Any CPU
		{EA7FBED4-370B-4D83-ADEC-7E5E3E536FF3}.Release|Any CPU.Build.0 = Release|Any CPU
	EndGlobalSection
EndGlobal
